// !$*UTF8*$!
{
	archiveVersion = 1;
	classes = {
	};
	objectVersion = 46;
	objects = {

/* Begin PBXBuildFile section */
		672B61F11E5F275B00A4D18D /* GameBoardNode.cpp in Sources */ = {isa = PBXBuildFile; fileRef = 672B61EF1E5F275B00A4D18D /* GameBoardNode.cpp */; };
		6791EFE61E5E8D6900203C4B /* main.cpp in Sources */ = {isa = PBXBuildFile; fileRef = 6791EFE51E5E8D6900203C4B /* main.cpp */; };
		6791EFEE1E5E8DA600203C4B /* Node.cpp in Sources */ = {isa = PBXBuildFile; fileRef = 6791EFEC1E5E8DA600203C4B /* Node.cpp */; };
		6791EFF11E5E8F9500203C4B /* Game.cpp in Sources */ = {isa = PBXBuildFile; fileRef = 6791EFEF1E5E8F9500203C4B /* Game.cpp */; };
/* End PBXBuildFile section */

/* Begin PBXCopyFilesBuildPhase section */
		6791EFE01E5E8D6900203C4B /* CopyFiles */ = {
			isa = PBXCopyFilesBuildPhase;
			buildActionMask = 2147483647;
			dstPath = /usr/share/man/man1/;
			dstSubfolderSpec = 0;
			files = (
			);
			runOnlyForDeploymentPostprocessing = 1;
		};
/* End PBXCopyFilesBuildPhase section */

/* Begin PBXFileReference section */
		672B61EF1E5F275B00A4D18D /* GameBoardNode.cpp */ = {isa = PBXFileReference; fileEncoding = 4; lastKnownFileType = sourcecode.cpp.cpp; path = GameBoardNode.cpp; sourceTree = "<group>"; };
		672B61F01E5F275B00A4D18D /* GameBoardNode.hpp */ = {isa = PBXFileReference; fileEncoding = 4; lastKnownFileType = sourcecode.cpp.h; path = GameBoardNode.hpp; sourceTree = "<group>"; };
		6791EFE21E5E8D6900203C4B /* Homework_4 */ = {isa = PBXFileReference; explicitFileType = "compiled.mach-o.executable"; includeInIndex = 0; path = Homework_4; sourceTree = BUILT_PRODUCTS_DIR; };
		6791EFE51E5E8D6900203C4B /* main.cpp */ = {isa = PBXFileReference; lastKnownFileType = sourcecode.cpp.cpp; path = main.cpp; sourceTree = "<group>"; };
		6791EFEC1E5E8DA600203C4B /* Node.cpp */ = {isa = PBXFileReference; fileEncoding = 4; lastKnownFileType = sourcecode.cpp.cpp; path = Node.cpp; sourceTree = "<group>"; };
		6791EFED1E5E8DA600203C4B /* Node.hpp */ = {isa = PBXFileReference; fileEncoding = 4; lastKnownFileType = sourcecode.cpp.h; path = Node.hpp; sourceTree = "<group>"; };
		6791EFEF1E5E8F9500203C4B /* Game.cpp */ = {isa = PBXFileReference; fileEncoding = 4; lastKnownFileType = sourcecode.cpp.cpp; path = Game.cpp; sourceTree = "<group>"; };
		6791EFF01E5E8F9500203C4B /* Game.hpp */ = {isa = PBXFileReference; fileEncoding = 4; lastKnownFileType = sourcecode.cpp.h; path = Game.hpp; sourceTree = "<group>"; };
/* End PBXFileReference section */

/* Begin PBXFrameworksBuildPhase section */
		6791EFDF1E5E8D6900203C4B /* Frameworks */ = {
			isa = PBXFrameworksBuildPhase;
			buildActionMask = 2147483647;
			files = (
			);
			runOnlyForDeploymentPostprocessing = 0;
		};
/* End PBXFrameworksBuildPhase section */

/* Begin PBXGroup section */
		6791EFD91E5E8D6900203C4B = {
			isa = PBXGroup;
			children = (
				6791EFE41E5E8D6900203C4B /* Homework_4 */,
				6791EFE31E5E8D6900203C4B /* Products */,
			);
			sourceTree = "<group>";
		};
		6791EFE31E5E8D6900203C4B /* Products */ = {
			isa = PBXGroup;
			children = (
				6791EFE21E5E8D6900203C4B /* Homework_4 */,
			);
			name = Products;
			sourceTree = "<group>";
		};
		6791EFE41E5E8D6900203C4B /* Homework_4 */ = {
			isa = PBXGroup;
			children = (
				6791EFE51E5E8D6900203C4B /* main.cpp */,
				6791EFEF1E5E8F9500203C4B /* Game.cpp */,
				6791EFF01E5E8F9500203C4B /* Game.hpp */,
				6791EFEC1E5E8DA600203C4B /* Node.cpp */,
				6791EFED1E5E8DA600203C4B /* Node.hpp */,
				672B61EF1E5F275B00A4D18D /* GameBoardNode.cpp */,
				672B61F01E5F275B00A4D18D /* GameBoardNode.hpp */,
			);
			path = Homework_4;
			sourceTree = "<group>";
		};
/* End PBXGroup section */

/* Begin PBXNativeTarget section */
		6791EFE11E5E8D6900203C4B /* Homework_4 */ = {
			isa = PBXNativeTarget;
			buildConfigurationList = 6791EFE91E5E8D6900203C4B /* Build configuration list for PBXNativeTarget "Homework_4" */;
			buildPhases = (
				6791EFDE1E5E8D6900203C4B /* Sources */,
				6791EFDF1E5E8D6900203C4B /* Frameworks */,
				6791EFE01E5E8D6900203C4B /* CopyFiles */,
			);
			buildRules = (
			);
			dependencies = (
			);
			name = Homework_4;
			productName = Homework_4;
			productReference = 6791EFE21E5E8D6900203C4B /* Homework_4 */;
			productType = "com.apple.product-type.tool";
		};
/* End PBXNativeTarget section */

/* Begin PBXProject section */
		6791EFDA1E5E8D6900203C4B /* Project object */ = {
			isa = PBXProject;
			attributes = {
				LastUpgradeCheck = 0710;
				ORGANIZATIONNAME = "Ryan Kojan";
				TargetAttributes = {
					6791EFE11E5E8D6900203C4B = {
						CreatedOnToolsVersion = 7.1;
					};
				};
			};
			buildConfigurationList = 6791EFDD1E5E8D6900203C4B /* Build configuration list for PBXProject "Homework_4" */;
			compatibilityVersion = "Xcode 3.2";
			developmentRegion = English;
			hasScannedForEncodings = 0;
			knownRegions = (
				en,
			);
			mainGroup = 6791EFD91E5E8D6900203C4B;
			productRefGroup = 6791EFE31E5E8D6900203C4B /* Products */;
			projectDirPath = "";
			projectRoot = "";
			targets = (
				6791EFE11E5E8D6900203C4B /* Homework_4 */,
			);
		};
/* End PBXProject section */

/* Begin PBXSourcesBuildPhase section */
		6791EFDE1E5E8D6900203C4B /* Sources */ = {
			isa = PBXSourcesBuildPhase;
			buildActionMask = 2147483647;
			files = (
				6791EFF11E5E8F9500203C4B /* Game.cpp in Sources */,
				6791EFE61E5E8D6900203C4B /* main.cpp in Sources */,
				672B61F11E5F275B00A4D18D /* GameBoardNode.cpp in Sources */,
				6791EFEE1E5E8DA600203C4B /* Node.cpp in Sources */,
			);
			runOnlyForDeploymentPostprocessing = 0;
		};
/* End PBXSourcesBuildPhase section */

/* Begin XCBuildConfiguration section */
		6791EFE71E5E8D6900203C4B /* Debug */ = {
			isa = XCBuildConfiguration;
			buildSettings = {
				ALWAYS_SEARCH_USER_PATHS = NO;
				CLANG_CXX_LANGUAGE_STANDARD = "gnu++0x";
				CLANG_CXX_LIBRARY = "libc++";
				CLANG_ENABLE_MODULES = YES;
				CLANG_ENABLE_OBJC_ARC = YES;
				CLANG_WARN_BOOL_CONVERSION = YES;
				CLANG_WARN_CONSTANT_CONVERSION = YES;
				CLANG_WARN_DIRECT_OBJC_ISA_USAGE = YES_ERROR;
				CLANG_WARN_EMPTY_BODY = YES;
				CLANG_WARN_ENUM_CONVERSION = YES;
				CLANG_WARN_INT_CONVERSION = YES;
				CLANG_WARN_OBJC_ROOT_CLASS = YES_ERROR;
				CLANG_WARN_UNREACHABLE_CODE = YES;
				CLANG_WARN__DUPLICATE_METHOD_MATCH = YES;
				CODE_SIGN_IDENTITY = "-";
				COPY_PHASE_STRIP = NO;
				DEBUG_INFORMATION_FORMAT = dwarf;
				ENABLE_STRICT_OBJC_MSGSEND = YES;
				ENABLE_TESTABILITY = YES;
				GCC_C_LANGUAGE_STANDARD = gnu99;
				GCC_DYNAMIC_NO_PIC = NO;
				GCC_NO_COMMON_BLOCKS = YES;
				GCC_OPTIMIZATION_LEVEL = 0;
				GCC_PREPROCESSOR_DEFINITIONS = (
					"DEBUG=1",
					"$(inherited)",
				);
				GCC_WARN_64_TO_32_BIT_CONVERSION = YES;
				GCC_WARN_ABOUT_RETURN_TYPE = YES_ERROR;
				GCC_WARN_UNDECLARED_SELECTOR = YES;
				GCC_WARN_UNINITIALIZED_AUTOS = YES_AGGRESSIVE;
				GCC_WARN_UNUSED_FUNCTION = YES;
				GCC_WARN_UNUSED_VARIABLE = YES;
				MACOSX_DEPLOYMENT_TARGET = 10.10;
				MTL_ENABLE_DEBUG_INFO = YES;
				ONLY_ACTIVE_ARCH = YES;
				SDKROOT = macosx;
			};
			name = Debug;
		};
		6791EFE81E5E8D6900203C4B /* Release */ = {
			isa = XCBuildConfiguration;
			buildSettings = {
				ALWAYS_SEARCH_USER_PATHS = NO;
				CLANG_CXX_LANGUAGE_STANDARD = "gnu++0x";
				CLANG_CXX_LIBRARY = "libc++";
				CLANG_ENABLE_MODULES = YES;
				CLANG_ENABLE_OBJC_ARC = YES;
				CLANG_WARN_BOOL_CONVERSION = YES;
				CLANG_WARN_CONSTANT_CONVERSION = YES;
				CLANG_WARN_DIRECT_OBJC_ISA_USAGE = YES_ERROR;
				CLANG_WARN_EMPTY_BODY = YES;
				CLANG_WARN_ENUM_CONVERSION = YES;
				CLANG_WARN_INT_CONVERSION = YES;
				CLANG_WARN_OBJC_ROOT_CLASS = YES_ERROR;
				CLANG_WARN_UNREACHABLE_CODE = YES;
				CLANG_WARN__DUPLICATE_METHOD_MATCH = YES;
				CODE_SIGN_IDENTITY = "-";
				COPY_PHASE_STRIP = NO;
				DEBUG_INFORMATION_FORMAT = "dwarf-with-dsym";
				ENABLE_NS_ASSERTIONS = NO;
				ENABLE_STRICT_OBJC_MSGSEND = YES;
				GCC_C_LANGUAGE_STANDARD = gnu99;
				GCC_NO_COMMON_BLOCKS = YES;
				GCC_WARN_64_TO_32_BIT_CONVERSION = YES;
				GCC_WARN_ABOUT_RETURN_TYPE = YES_ERROR;
				GCC_WARN_UNDECLARED_SELECTOR = YES;
				GCC_WARN_UNINITIALIZED_AUTOS = YES_AGGRESSIVE;
				GCC_WARN_UNUSED_FUNCTION = YES;
				GCC_WARN_UNUSED_VARIABLE = YES;
				MACOSX_DEPLOYMENT_TARGET = 10.10;
				MTL_ENABLE_DEBUG_INFO = NO;
				SDKROOT = macosx;
			};
			name = Release;
		};
		6791EFEA1E5E8D6900203C4B /* Debug */ = {
			isa = XCBuildConfiguration;
			buildSettings = {
				PRODUCT_NAME = "$(TARGET_NAME)";
			};
			name = Debug;
		};
		6791EFEB1E5E8D6900203C4B /* Release */ = {
			isa = XCBuildConfiguration;
			buildSettings = {
				PRODUCT_NAME = "$(TARGET_NAME)";
			};
			name = Release;
		};
/* End XCBuildConfiguration section */

/* Begin XCConfigurationList section */
		6791EFDD1E5E8D6900203C4B /* Build configuration list for PBXProject "Homework_4" */ = {
			isa = XCConfigurationList;
			buildConfigurations = (
				6791EFE71E5E8D6900203C4B /* Debug */,
				6791EFE81E5E8D6900203C4B /* Release */,
			);
			defaultConfigurationIsVisible = 0;
			defaultConfigurationName = Release;
		};
		6791EFE91E5E8D6900203C4B /* Build configuration list for PBXNativeTarget "Homework_4" */ = {
			isa = XCConfigurationList;
			buildConfigurations = (
				6791EFEA1E5E8D6900203C4B /* Debug */,
				6791EFEB1E5E8D6900203C4B /* Release */,
			);
			defaultConfigurationIsVisible = 0;
			defaultConfigurationName = Release;
		};
/* End XCConfigurationList section */
	};
	rootObject = 6791EFDA1E5E8D6900203C4B /* Project object */;
}
